
Microsoft Visual Studio Solution File, Format Version 12.00
# Visual Studio Version 17
VisualStudioVersion = 17.11.35303.130
MinimumVisualStudioVersion = 10.0.40219.1
Project("{9A19103F-16F7-4668-BE54-9A1E7A4F7556}") = "Company.e-Tickets.PL", "Company.e-Tickets.PL\Company.e-Tickets.PL.csproj", "{CAEC7B75-7A72-4F59-B6B8-9618345F1824}"
EndProject
Project("{9A19103F-16F7-4668-BE54-9A1E7A4F7556}") = "Company.e-Tickets.DAL", "Company.e-Tickets.DAL\Company.e-Tickets.DAL.csproj", "{4AD13D6D-C9A0-421B-821E-A3C53C12E011}"
EndProject
Project("{9A19103F-16F7-4668-BE54-9A1E7A4F7556}") = "Company.e-Tickets.BLL", "Company.e-Tickets.BLL\Company.e-Tickets.BLL.csproj", "{A09C6F1A-239A-4B2C-883E-4E35BED29068}"
EndProject
Global
	GlobalSection(SolutionConfigurationPlatforms) = preSolution
		Debug|Any CPU = Debug|Any CPU
		Release|Any CPU = Release|Any CPU
	EndGlobalSection
	GlobalSection(ProjectConfigurationPlatforms) = postSolution
		{CAEC7B75-7A72-4F59-B6B8-9618345F1824}.Debug|Any CPU.ActiveCfg = Debug|Any CPU
		{CAEC7B75-7A72-4F59-B6B8-9618345F1824}.Debug|Any CPU.Build.0 = Debug|Any CPU
		{CAEC7B75-7A72-4F59-B6B8-9618345F1824}.Release|Any CPU.ActiveCfg = Release|Any CPU
		{CAEC7B75-7A72-4F59-B6B8-9618345F1824}.Release|Any CPU.Build.0 = Release|Any CPU
		{4AD13D6D-C9A0-421B-821E-A3C53C12E011}.Debug|Any CPU.ActiveCfg = Debug|Any CPU
		{4AD13D6D-C9A0-421B-821E-A3C53C12E011}.Debug|Any CPU.Build.0 = Debug|Any CPU
		{4AD13D6D-C9A0-421B-821E-A3C53C12E011}.Release|Any CPU.ActiveCfg = Release|Any CPU
		{4AD13D6D-C9A0-421B-821E-A3C53C12E011}.Release|Any CPU.Build.0 = Release|Any CPU
		{A09C6F1A-239A-4B2C-883E-4E35BED29068}.Debug|Any CPU.ActiveCfg = Debug|Any CPU
		{A09C6F1A-239A-4B2C-883E-4E35BED29068}.Debug|Any CPU.Build.0 = Debug|Any CPU
		{A09C6F1A-239A-4B2C-883E-4E35BED29068}.Release|Any CPU.ActiveCfg = Release|Any CPU
		{A09C6F1A-239A-4B2C-883E-4E35BED29068}.Release|Any CPU.Build.0 = Release|Any CPU
	EndGlobalSection
	GlobalSection(SolutionProperties) = preSolution
		HideSolutionNode = FALSE
	EndGlobalSection
	GlobalSection(ExtensibilityGlobals) = postSolution
		SolutionGuid = {4A895284-E219-42BB-A89E-0C45DFF13853}
	EndGlobalSection
EndGlobal
